{
  "version": 4,
  "terraform_version": "1.12.2",
  "serial": 46,
  "lineage": "447b471b-a9f9-63db-b3ec-0b066780a869",
  "outputs": {},
  "resources": [
    {
      "mode": "managed",
      "type": "aws_iam_instance_profile",
      "name": "ec2_profile",
      "provider": "provider[\"registry.terraform.io/hashicorp/aws\"]",
      "instances": [
        {
          "status": "tainted",
          "schema_version": 0,
          "attributes": {
            "arn": null,
            "create_date": null,
            "id": "ec2-spot-embedding",
            "name": "ec2-spot-embedding",
            "name_prefix": null,
            "path": "/",
            "role": "ec2-spot-embedding",
            "tags": null,
            "tags_all": null,
            "unique_id": null
          },
          "sensitive_attributes": [],
          "identity_schema_version": 0,
          "private": "bnVsbA==",
          "dependencies": [
            "aws_iam_role.ec2_role"
          ]
        }
      ]
    },
    {
      "mode": "managed",
      "type": "aws_iam_role",
      "name": "ec2_role",
      "provider": "provider[\"registry.terraform.io/hashicorp/aws\"]",
      "instances": [
        {
          "schema_version": 0,
          "attributes": {
            "arn": "arn:aws:iam::536708567153:role/ec2-spot-embedding",
            "assume_role_policy": "{\"Statement\":[{\"Action\":\"sts:AssumeRole\",\"Effect\":\"Allow\",\"Principal\":{\"Service\":\"ec2.amazonaws.com\"}}],\"Version\":\"2012-10-17\"}",
            "create_date": "2025-07-30T07:35:31Z",
            "description": "",
            "force_detach_policies": false,
            "id": "ec2-spot-embedding",
            "inline_policy": [],
            "managed_policy_arns": [],
            "max_session_duration": 3600,
            "name": "ec2-spot-embedding",
            "name_prefix": "",
            "path": "/",
            "permissions_boundary": "",
            "tags": null,
            "tags_all": {},
            "unique_id": "AROAXZ5SS2BY2CHIERAHW"
          },
          "sensitive_attributes": [],
          "identity_schema_version": 0,
          "identity": {
            "account_id": "536708567153",
            "name": "ec2-spot-embedding"
          },
          "private": "bnVsbA=="
        }
      ]
    },
    {
      "mode": "managed",
      "type": "aws_key_pair",
      "name": "main",
      "provider": "provider[\"registry.terraform.io/hashicorp/aws\"]",
      "instances": [
        {
          "schema_version": 1,
          "attributes": {
            "arn": "arn:aws:ec2:ap-south-1:536708567153:key-pair/mumbai",
            "fingerprint": "4d:17:f1:35:32:78:2f:2d:e4:03:de:69:8e:da:5d:22",
            "id": "mumbai",
            "key_name": "mumbai",
            "key_name_prefix": "",
            "key_pair_id": "key-055679c5c6425b029",
            "key_type": "rsa",
            "public_key": "ssh-rsa AAAAB3NzaC1yc2EAAAADAQABAAABgQC/3S9zX7HyZ2UPkiDLBXFJTcAfylYoycHxwJbcXc3+rcKlE5bSXWJHlshuoDzd/FD4HgBV40cWGRAgE+36HbfNl4Xi/vnwU6hU/MIW7dtzwpbSBmdXXTraEOjG0HCNfDEEVdjTkKtPUb7JgNjlMWz2zyth8VqLV0wt5753EpPkKqpP/4NHHpOujEpoSKNYFsIY0NzrHGxy86Hb2JcDKZQbtYumJC7CnDdZWDa0WTzu/U+gIvSxNGHA7eL1jo3FL0x/BLZkhB0c95PkjMJdy8UvieRZ9i198w073jLt0n7FxG5N24pEV7kdB1doDNlow7zI01Z00eSB0aoY8wjTKQxYtJz7wkEVkmrGTOLJF/OXXn6Dwn0QQp9qvoaiHw47joGtcn58u0/wJEGvwlv8lEwJWrXe8Rk7KiKB2g5tfoif9GHHJ6AIZEFsNyKlnfYQWMD4L17zM5cgReFInmaI6w8xCh6lSSlMuHhUeYF7fIoJr9PeA5FPmpMAbvLf5IL5S8k= sameer@Sameers-MacBook-Pro.local",
            "region": "ap-south-1",
            "tags": null,
            "tags_all": {}
          },
          "sensitive_attributes": [],
          "identity_schema_version": 0,
          "private": "eyJzY2hlbWFfdmVyc2lvbiI6IjEifQ=="
        }
      ]
    },
    {
      "mode": "managed",
      "type": "aws_security_group",
      "name": "main_sg",
      "provider": "provider[\"registry.terraform.io/hashicorp/aws\"]",
      "instances": [
        {
          "status": "tainted",
          "schema_version": 1,
          "attributes": {
            "arn": null,
            "description": "Allow SSH and custom ports",
            "egress": [
              {
                "cidr_blocks": [
                  "0.0.0.0/0"
                ],
                "description": "All outbound traffic",
                "from_port": 0,
                "ipv6_cidr_blocks": [],
                "prefix_list_ids": [],
                "protocol": "-1",
                "security_groups": [],
                "self": false,
                "to_port": 0
              }
            ],
            "id": "sg-007fb501b090c7050",
            "ingress": [
              {
                "cidr_blocks": [
                  "0.0.0.0/0"
                ],
                "description": "SSH access",
                "from_port": 22,
                "ipv6_cidr_blocks": [],
                "prefix_list_ids": [],
                "protocol": "tcp",
                "security_groups": [],
                "self": false,
                "to_port": 22
              }
            ],
            "name": "mongo-emb-sg",
            "name_prefix": null,
            "owner_id": null,
            "region": "ap-south-1",
            "revoke_rules_on_delete": false,
            "tags": null,
            "tags_all": null,
            "timeouts": null,
            "vpc_id": null
          },
          "sensitive_attributes": [],
          "identity_schema_version": 0,
          "private": "eyJlMmJmYjczMC1lY2FhLTExZTYtOGY4OC0zNDM2M2JjN2M0YzAiOnsiY3JlYXRlIjo2MDAwMDAwMDAwMDAsImRlbGV0ZSI6OTAwMDAwMDAwMDAwfSwic2NoZW1hX3ZlcnNpb24iOiIxIn0="
        }
      ]
    }
  ],
  "check_results": null
}
